// !$*UTF8*$!
{
	archiveVersion = 1;
	classes = {
	};
	objectVersion = 55;
	objects = {

/* Begin PBXBuildFile section */
		A45E21C829A9E65800550811 /* AppDelegate.swift in Sources */ = {isa = PBXBuildFile; fileRef = A45E21C729A9E65800550811 /* AppDelegate.swift */; };
		A45E21CA29A9E65800550811 /* SceneDelegate.swift in Sources */ = {isa = PBXBuildFile; fileRef = A45E21C929A9E65800550811 /* SceneDelegate.swift */; };
		A45E21CC29A9E65800550811 /* ViewController.swift in Sources */ = {isa = PBXBuildFile; fileRef = A45E21CB29A9E65800550811 /* ViewController.swift */; };
		A45E21CF29A9E65800550811 /* Main.storyboard in Resources */ = {isa = PBXBuildFile; fileRef = A45E21CD29A9E65800550811 /* Main.storyboard */; };
		A45E21D129A9E65B00550811 /* Assets.xcassets in Resources */ = {isa = PBXBuildFile; fileRef = A45E21D029A9E65B00550811 /* Assets.xcassets */; };
		A45E21D429A9E65B00550811 /* LaunchScreen.storyboard in Resources */ = {isa = PBXBuildFile; fileRef = A45E21D229A9E65B00550811 /* LaunchScreen.storyboard */; };
		BCE756E2E0E6645A1C48AF38 /* Pods_Todoie.framework in Frameworks */ = {isa = PBXBuildFile; fileRef = C216ED781C0B4FAF668A2F4A /* Pods_Todoie.framework */; };
/* End PBXBuildFile section */

/* Begin PBXFileReference section */
		7C12B0A3B0B6F71DECBE4B3A /* Pods-Todoie.release.xcconfig */ = {isa = PBXFileReference; includeInIndex = 1; lastKnownFileType = text.xcconfig; name = "Pods-Todoie.release.xcconfig"; path = "Target Support Files/Pods-Todoie/Pods-Todoie.release.xcconfig"; sourceTree = "<group>"; };
		A45E21C429A9E65800550811 /* Todoie.app */ = {isa = PBXFileReference; explicitFileType = wrapper.application; includeInIndex = 0; path = Todoie.app; sourceTree = BUILT_PRODUCTS_DIR; };
		A45E21C729A9E65800550811 /* AppDelegate.swift */ = {isa = PBXFileReference; lastKnownFileType = sourcecode.swift; path = AppDelegate.swift; sourceTree = "<group>"; };
		A45E21C929A9E65800550811 /* SceneDelegate.swift */ = {isa = PBXFileReference; lastKnownFileType = sourcecode.swift; path = SceneDelegate.swift; sourceTree = "<group>"; };
		A45E21CB29A9E65800550811 /* ViewController.swift */ = {isa = PBXFileReference; lastKnownFileType = sourcecode.swift; path = ViewController.swift; sourceTree = "<group>"; };
		A45E21CE29A9E65800550811 /* Base */ = {isa = PBXFileReference; lastKnownFileType = file.storyboard; name = Base; path = Base.lproj/Main.storyboard; sourceTree = "<group>"; };
		A45E21D029A9E65B00550811 /* Assets.xcassets */ = {isa = PBXFileReference; lastKnownFileType = folder.assetcatalog; path = Assets.xcassets; sourceTree = "<group>"; };
		A45E21D329A9E65B00550811 /* Base */ = {isa = PBXFileReference; lastKnownFileType = file.storyboard; name = Base; path = Base.lproj/LaunchScreen.storyboard; sourceTree = "<group>"; };
		A45E21D529A9E65B00550811 /* Info.plist */ = {isa = PBXFileReference; lastKnownFileType = text.plist.xml; path = Info.plist; sourceTree = "<group>"; };
		C216ED781C0B4FAF668A2F4A /* Pods_Todoie.framework */ = {isa = PBXFileReference; explicitFileType = wrapper.framework; includeInIndex = 0; path = Pods_Todoie.framework; sourceTree = BUILT_PRODUCTS_DIR; };
		EEE17C74629F0A6649E48608 /* Pods-Todoie.debug.xcconfig */ = {isa = PBXFileReference; includeInIndex = 1; lastKnownFileType = text.xcconfig; name = "Pods-Todoie.debug.xcconfig"; path = "Target Support Files/Pods-Todoie/Pods-Todoie.debug.xcconfig"; sourceTree = "<group>"; };
/* End PBXFileReference section */

/* Begin PBXFrameworksBuildPhase section */
		A45E21C129A9E65800550811 /* Frameworks */ = {
			isa = PBXFrameworksBuildPhase;
			buildActionMask = 2147483647;
			files = (
				BCE756E2E0E6645A1C48AF38 /* Pods_Todoie.framework in Frameworks */,
			);
			runOnlyForDeploymentPostprocessing = 0;
		};
/* End PBXFrameworksBuildPhase section */

/* Begin PBXGroup section */
		4EE8DB953E91F7A7012937D7 /* Frameworks */ = {
			isa = PBXGroup;
			children = (
				C216ED781C0B4FAF668A2F4A /* Pods_Todoie.framework */,
			);
			name = Frameworks;
			sourceTree = "<group>";
		};
		A45E21BB29A9E65800550811 = {
			isa = PBXGroup;
			children = (
				A45E21C629A9E65800550811 /* Todoie */,
				A45E21C529A9E65800550811 /* Products */,
				C53AA2610A8A0530FEAAB10D /* Pods */,
				4EE8DB953E91F7A7012937D7 /* Frameworks */,
			);
			sourceTree = "<group>";
		};
		A45E21C529A9E65800550811 /* Products */ = {
			isa = PBXGroup;
			children = (
				A45E21C429A9E65800550811 /* Todoie.app */,
			);
			name = Products;
			sourceTree = "<group>";
		};
		A45E21C629A9E65800550811 /* Todoie */ = {
			isa = PBXGroup;
			children = (
				A45E21C729A9E65800550811 /* AppDelegate.swift */,
				A45E21C929A9E65800550811 /* SceneDelegate.swift */,
				A45E21CB29A9E65800550811 /* ViewController.swift */,
				A45E21CD29A9E65800550811 /* Main.storyboard */,
				A45E21D029A9E65B00550811 /* Assets.xcassets */,
				A45E21D229A9E65B00550811 /* LaunchScreen.storyboard */,
				A45E21D529A9E65B00550811 /* Info.plist */,
			);
			path = Todoie;
			sourceTree = "<group>";
		};
		C53AA2610A8A0530FEAAB10D /* Pods */ = {
			isa = PBXGroup;
			children = (
				EEE17C74629F0A6649E48608 /* Pods-Todoie.debug.xcconfig */,
				7C12B0A3B0B6F71DECBE4B3A /* Pods-Todoie.release.xcconfig */,
			);
			name = Pods;
			path = Pods;
			sourceTree = "<group>";
		};
/* End PBXGroup section */

/* Begin PBXNativeTarget section */
		A45E21C329A9E65800550811 /* Todoie */ = {
			isa = PBXNativeTarget;
			buildConfigurationList = A45E21D829A9E65B00550811 /* Build configuration list for PBXNativeTarget "Todoie" */;
			buildPhases = (
				5A3CEBE946F1B1DB52C6553E /* [CP] Check Pods Manifest.lock */,
				A45E21C029A9E65800550811 /* Sources */,
				A45E21C129A9E65800550811 /* Frameworks */,
				A45E21C229A9E65800550811 /* Resources */,
				69A304ED2ABDF9D379F7E50C /* [CP] Embed Pods Frameworks */,
			);
			buildRules = (
			);
			dependencies = (
			);
			name = Todoie;
			productName = Todoie;
			productReference = A45E21C429A9E65800550811 /* Todoie.app */;
			productType = "com.apple.product-type.application";
		};
/* End PBXNativeTarget section */

/* Begin PBXProject section */
		A45E21BC29A9E65800550811 /* Project object */ = {
			isa = PBXProject;
			attributes = {
				BuildIndependentTargetsInParallel = 1;
				LastSwiftUpdateCheck = 1420;
				LastUpgradeCheck = 1420;
				TargetAttributes = {
					A45E21C329A9E65800550811 = {
						CreatedOnToolsVersion = 14.2;
					};
				};
			};
			buildConfigurationList = A45E21BF29A9E65800550811 /* Build configuration list for PBXProject "Todoie" */;
			compatibilityVersion = "Xcode 13.0";
			developmentRegion = en;
			hasScannedForEncodings = 0;
			knownRegions = (
				en,
				Base,
			);
			mainGroup = A45E21BB29A9E65800550811;
			productRefGroup = A45E21C529A9E65800550811 /* Products */;
			projectDirPath = "";
			projectRoot = "";
			targets = (
				A45E21C329A9E65800550811 /* Todoie */,
			);
		};
/* End PBXProject section */

/* Begin PBXResourcesBuildPhase section */
		A45E21C229A9E65800550811 /* Resources */ = {
			isa = PBXResourcesBuildPhase;
			buildActionMask = 2147483647;
			files = (
				A45E21D429A9E65B00550811 /* LaunchScreen.storyboard in Resources */,
				A45E21D129A9E65B00550811 /* Assets.xcassets in Resources */,
				A45E21CF29A9E65800550811 /* Main.storyboard in Resources */,
			);
			runOnlyForDeploymentPostprocessing = 0;
		};
/* End PBXResourcesBuildPhase section */

/* Begin PBXShellScriptBuildPhase section */
		5A3CEBE946F1B1DB52C6553E /* [CP] Check Pods Manifest.lock */ = {
			isa = PBXShellScriptBuildPhase;
			buildActionMask = 2147483647;
			files = (
			);
			inputFileListPaths = (
			);
			inputPaths = (
				"${PODS_PODFILE_DIR_PATH}/Podfile.lock",
				"${PODS_ROOT}/Manifest.lock",
			);
			name = "[CP] Check Pods Manifest.lock";
			outputFileListPaths = (
			);
			outputPaths = (
				"$(DERIVED_FILE_DIR)/Pods-Todoie-checkManifestLockResult.txt",
			);
			runOnlyForDeploymentPostprocessing = 0;
			shellPath = /bin/sh;
			shellScript = "diff \"${PODS_PODFILE_DIR_PATH}/Podfile.lock\" \"${PODS_ROOT}/Manifest.lock\" > /dev/null\nif [ $? != 0 ] ; then\n    # print error to STDERR\n    echo \"error: The sandbox is not in sync with the Podfile.lock. Run 'pod install' or update your CocoaPods installation.\" >&2\n    exit 1\nfi\n# This output is used by Xcode 'outputs' to avoid re-running this script phase.\necho \"SUCCESS\" > \"${SCRIPT_OUTPUT_FILE_0}\"\n";
			showEnvVarsInLog = 0;
		};
		69A304ED2ABDF9D379F7E50C /* [CP] Embed Pods Frameworks */ = {
			isa = PBXShellScriptBuildPhase;
			buildActionMask = 2147483647;
			files = (
			);
			inputFileListPaths = (
				"${PODS_ROOT}/Target Support Files/Pods-Todoie/Pods-Todoie-frameworks-${CONFIGURATION}-input-files.xcfilelist",
			);
			name = "[CP] Embed Pods Frameworks";
			outputFileListPaths = (
				"${PODS_ROOT}/Target Support Files/Pods-Todoie/Pods-Todoie-frameworks-${CONFIGURATION}-output-files.xcfilelist",
			);
			runOnlyForDeploymentPostprocessing = 0;
			shellPath = /bin/sh;
			shellScript = "\"${PODS_ROOT}/Target Support Files/Pods-Todoie/Pods-Todoie-frameworks.sh\"\n";
			showEnvVarsInLog = 0;
		};
/* End PBXShellScriptBuildPhase section */

/* Begin PBXSourcesBuildPhase section */
		A45E21C029A9E65800550811 /* Sources */ = {
			isa = PBXSourcesBuildPhase;
			buildActionMask = 2147483647;
			files = (
				A45E21CC29A9E65800550811 /* ViewController.swift in Sources */,
				A45E21C829A9E65800550811 /* AppDelegate.swift in Sources */,
				A45E21CA29A9E65800550811 /* SceneDelegate.swift in Sources */,
			);
			runOnlyForDeploymentPostprocessing = 0;
		};
/* End PBXSourcesBuildPhase section */

/* Begin PBXVariantGroup section */
		A45E21CD29A9E65800550811 /* Main.storyboard */ = {
			isa = PBXVariantGroup;
			children = (
				A45E21CE29A9E65800550811 /* Base */,
			);
			name = Main.storyboard;
			sourceTree = "<group>";
		};
		A45E21D229A9E65B00550811 /* LaunchScreen.storyboard */ = {
			isa = PBXVariantGroup;
			children = (
				A45E21D329A9E65B00550811 /* Base */,
			);
			name = LaunchScreen.storyboard;
			sourceTree = "<group>";
		};
/* End PBXVariantGroup section */

/* Begin XCBuildConfiguration section */
		A45E21D629A9E65B00550811 /* Debug */ = {
			isa = XCBuildConfiguration;
			buildSettings = {
				ALWAYS_SEARCH_USER_PATHS = NO;
				CLANG_ANALYZER_NONNULL = YES;
				CLANG_ANALYZER_NUMBER_OBJECT_CONVERSION = YES_AGGRESSIVE;
				CLANG_CXX_LANGUAGE_STANDARD = "gnu++20";
				CLANG_ENABLE_MODULES = YES;
				CLANG_ENABLE_OBJC_ARC = YES;
				CLANG_ENABLE_OBJC_WEAK = YES;
				CLANG_WARN_BLOCK_CAPTURE_AUTORELEASING = YES;
				CLANG_WARN_BOOL_CONVERSION = YES;
				CLANG_WARN_COMMA = YES;
				CLANG_WARN_CONSTANT_CONVERSION = YES;
				CLANG_WARN_DEPRECATED_OBJC_IMPLEMENTATIONS = YES;
				CLANG_WARN_DIRECT_OBJC_ISA_USAGE = YES_ERROR;
				CLANG_WARN_DOCUMENTATION_COMMENTS = YES;
				CLANG_WARN_EMPTY_BODY = YES;
				CLANG_WARN_ENUM_CONVERSION = YES;
				CLANG_WARN_INFINITE_RECURSION = YES;
				CLANG_WARN_INT_CONVERSION = YES;
				CLANG_WARN_NON_LITERAL_NULL_CONVERSION = YES;
				CLANG_WARN_OBJC_IMPLICIT_RETAIN_SELF = YES;
				CLANG_WARN_OBJC_LITERAL_CONVERSION = YES;
				CLANG_WARN_OBJC_ROOT_CLASS = YES_ERROR;
				CLANG_WARN_QUOTED_INCLUDE_IN_FRAMEWORK_HEADER = YES;
				CLANG_WARN_RANGE_LOOP_ANALYSIS = YES;
				CLANG_WARN_STRICT_PROTOTYPES = YES;
				CLANG_WARN_SUSPICIOUS_MOVE = YES;
				CLANG_WARN_UNGUARDED_AVAILABILITY = YES_AGGRESSIVE;
				CLANG_WARN_UNREACHABLE_CODE = YES;
				CLANG_WARN__DUPLICATE_METHOD_MATCH = YES;
				COPY_PHASE_STRIP = NO;
				DEBUG_INFORMATION_FORMAT = dwarf;
				ENABLE_STRICT_OBJC_MSGSEND = YES;
				ENABLE_TESTABILITY = YES;
				GCC_C_LANGUAGE_STANDARD = gnu11;
				GCC_DYNAMIC_NO_PIC = NO;
				GCC_NO_COMMON_BLOCKS = YES;
				GCC_OPTIMIZATION_LEVEL = 0;
				GCC_PREPROCESSOR_DEFINITIONS = (
					"DEBUG=1",
					"$(inherited)",
				);
				GCC_WARN_64_TO_32_BIT_CONVERSION = YES;
				GCC_WARN_ABOUT_RETURN_TYPE = YES_ERROR;
				GCC_WARN_UNDECLARED_SELECTOR = YES;
				GCC_WARN_UNINITIALIZED_AUTOS = YES_AGGRESSIVE;
				GCC_WARN_UNUSED_FUNCTION = YES;
				GCC_WARN_UNUSED_VARIABLE = YES;
				IPHONEOS_DEPLOYMENT_TARGET = 16.2;
				MTL_ENABLE_DEBUG_INFO = INCLUDE_SOURCE;
				MTL_FAST_MATH = YES;
				ONLY_ACTIVE_ARCH = YES;
				SDKROOT = iphoneos;
				SWIFT_ACTIVE_COMPILATION_CONDITIONS = DEBUG;
				SWIFT_OPTIMIZATION_LEVEL = "-Onone";
			};
			name = Debug;
		};
		A45E21D729A9E65B00550811 /* Release */ = {
			isa = XCBuildConfiguration;
			buildSettings = {
				ALWAYS_SEARCH_USER_PATHS = NO;
				CLANG_ANALYZER_NONNULL = YES;
				CLANG_ANALYZER_NUMBER_OBJECT_CONVERSION = YES_AGGRESSIVE;
				CLANG_CXX_LANGUAGE_STANDARD = "gnu++20";
				CLANG_ENABLE_MODULES = YES;
				CLANG_ENABLE_OBJC_ARC = YES;
				CLANG_ENABLE_OBJC_WEAK = YES;
				CLANG_WARN_BLOCK_CAPTURE_AUTORELEASING = YES;
				CLANG_WARN_BOOL_CONVERSION = YES;
				CLANG_WARN_COMMA = YES;
				CLANG_WARN_CONSTANT_CONVERSION = YES;
				CLANG_WARN_DEPRECATED_OBJC_IMPLEMENTATIONS = YES;
				CLANG_WARN_DIRECT_OBJC_ISA_USAGE = YES_ERROR;
				CLANG_WARN_DOCUMENTATION_COMMENTS = YES;
				CLANG_WARN_EMPTY_BODY = YES;
				CLANG_WARN_ENUM_CONVERSION = YES;
				CLANG_WARN_INFINITE_RECURSION = YES;
				CLANG_WARN_INT_CONVERSION = YES;
				CLANG_WARN_NON_LITERAL_NULL_CONVERSION = YES;
				CLANG_WARN_OBJC_IMPLICIT_RETAIN_SELF = YES;
				CLANG_WARN_OBJC_LITERAL_CONVERSION = YES;
				CLANG_WARN_OBJC_ROOT_CLASS = YES_ERROR;
				CLANG_WARN_QUOTED_INCLUDE_IN_FRAMEWORK_HEADER = YES;
				CLANG_WARN_RANGE_LOOP_ANALYSIS = YES;
				CLANG_WARN_STRICT_PROTOTYPES = YES;
				CLANG_WARN_SUSPICIOUS_MOVE = YES;
				CLANG_WARN_UNGUARDED_AVAILABILITY = YES_AGGRESSIVE;
				CLANG_WARN_UNREACHABLE_CODE = YES;
				CLANG_WARN__DUPLICATE_METHOD_MATCH = YES;
				COPY_PHASE_STRIP = NO;
				DEBUG_INFORMATION_FORMAT = "dwarf-with-dsym";
				ENABLE_NS_ASSERTIONS = NO;
				ENABLE_STRICT_OBJC_MSGSEND = YES;
				GCC_C_LANGUAGE_STANDARD = gnu11;
				GCC_NO_COMMON_BLOCKS = YES;
				GCC_WARN_64_TO_32_BIT_CONVERSION = YES;
				GCC_WARN_ABOUT_RETURN_TYPE = YES_ERROR;
				GCC_WARN_UNDECLARED_SELECTOR = YES;
				GCC_WARN_UNINITIALIZED_AUTOS = YES_AGGRESSIVE;
				GCC_WARN_UNUSED_FUNCTION = YES;
				GCC_WARN_UNUSED_VARIABLE = YES;
				IPHONEOS_DEPLOYMENT_TARGET = 16.2;
				MTL_ENABLE_DEBUG_INFO = NO;
				MTL_FAST_MATH = YES;
				SDKROOT = iphoneos;
				SWIFT_COMPILATION_MODE = wholemodule;
				SWIFT_OPTIMIZATION_LEVEL = "-O";
				VALIDATE_PRODUCT = YES;
			};
			name = Release;
		};
		A45E21D929A9E65B00550811 /* Debug */ = {
			isa = XCBuildConfiguration;
			baseConfigurationReference = EEE17C74629F0A6649E48608 /* Pods-Todoie.debug.xcconfig */;
			buildSettings = {
				ASSETCATALOG_COMPILER_APPICON_NAME = AppIcon;
				ASSETCATALOG_COMPILER_GLOBAL_ACCENT_COLOR_NAME = AccentColor;
				CODE_SIGN_STYLE = Automatic;
				CURRENT_PROJECT_VERSION = 1;
				DEVELOPMENT_TEAM = AK49S5GNUR;
				GENERATE_INFOPLIST_FILE = YES;
				INFOPLIST_FILE = Todoie/Info.plist;
				INFOPLIST_KEY_UIApplicationSupportsIndirectInputEvents = YES;
				INFOPLIST_KEY_UILaunchStoryboardName = LaunchScreen;
				INFOPLIST_KEY_UIMainStoryboardFile = Main;
				INFOPLIST_KEY_UISupportedInterfaceOrientations_iPad = "UIInterfaceOrientationPortrait UIInterfaceOrientationPortraitUpsideDown UIInterfaceOrientationLandscapeLeft UIInterfaceOrientationLandscapeRight";
				INFOPLIST_KEY_UISupportedInterfaceOrientations_iPhone = "UIInterfaceOrientationPortrait UIInterfaceOrientationLandscapeLeft UIInterfaceOrientationLandscapeRight";
				LD_RUNPATH_SEARCH_PATHS = (
					"$(inherited)",
					"@executable_path/Frameworks",
				);
				MARKETING_VERSION = 1.0;
				PRODUCT_BUNDLE_IDENTIFIER = co.vincentlazzara.Todoie;
				PRODUCT_NAME = "$(TARGET_NAME)";
				SWIFT_EMIT_LOC_STRINGS = YES;
				SWIFT_VERSION = 5.0;
				TARGETED_DEVICE_FAMILY = "1,2";
			};
			name = Debug;
		};
		A45E21DA29A9E65B00550811 /* Release */ = {
			isa = XCBuildConfiguration;
			baseConfigurationReference = 7C12B0A3B0B6F71DECBE4B3A /* Pods-Todoie.release.xcconfig */;
			buildSettings = {
				ASSETCATALOG_COMPILER_APPICON_NAME = AppIcon;
				ASSETCATALOG_COMPILER_GLOBAL_ACCENT_COLOR_NAME = AccentColor;
				CODE_SIGN_STYLE = Automatic;
				CURRENT_PROJECT_VERSION = 1;
				DEVELOPMENT_TEAM = AK49S5GNUR;
				GENERATE_INFOPLIST_FILE = YES;
				INFOPLIST_FILE = Todoie/Info.plist;
				INFOPLIST_KEY_UIApplicationSupportsIndirectInputEvents = YES;
				INFOPLIST_KEY_UILaunchStoryboardName = LaunchScreen;
				INFOPLIST_KEY_UIMainStoryboardFile = Main;
				INFOPLIST_KEY_UISupportedInterfaceOrientations_iPad = "UIInterfaceOrientationPortrait UIInterfaceOrientationPortraitUpsideDown UIInterfaceOrientationLandscapeLeft UIInterfaceOrientationLandscapeRight";
				INFOPLIST_KEY_UISupportedInterfaceOrientations_iPhone = "UIInterfaceOrientationPortrait UIInterfaceOrientationLandscapeLeft UIInterfaceOrientationLandscapeRight";
				LD_RUNPATH_SEARCH_PATHS = (
					"$(inherited)",
					"@executable_path/Frameworks",
				);
				MARKETING_VERSION = 1.0;
				PRODUCT_BUNDLE_IDENTIFIER = co.vincentlazzara.Todoie;
				PRODUCT_NAME = "$(TARGET_NAME)";
				SWIFT_EMIT_LOC_STRINGS = YES;
				SWIFT_VERSION = 5.0;
				TARGETED_DEVICE_FAMILY = "1,2";
			};
			name = Release;
		};
/* End XCBuildConfiguration section */

/* Begin XCConfigurationList section */
		A45E21BF29A9E65800550811 /* Build configuration list for PBXProject "Todoie" */ = {
			isa = XCConfigurationList;
			buildConfigurations = (
				A45E21D629A9E65B00550811 /* Debug */,
				A45E21D729A9E65B00550811 /* Release */,
			);
			defaultConfigurationIsVisible = 0;
			defaultConfigurationName = Release;
		};
		A45E21D829A9E65B00550811 /* Build configuration list for PBXNativeTarget "Todoie" */ = {
			isa = XCConfigurationList;
			buildConfigurations = (
				A45E21D929A9E65B00550811 /* Debug */,
				A45E21DA29A9E65B00550811 /* Release */,
			);
			defaultConfigurationIsVisible = 0;
			defaultConfigurationName = Release;
		};
/* End XCConfigurationList section */
	};
	rootObject = A45E21BC29A9E65800550811 /* Project object */;
}
